// !$*UTF8*$!
{
	archiveVersion = 1;
	classes = {
	};
	objectVersion = 56;
	objects = {

/* Begin PBXBuildFile section */
		E40DEF452B88BB1E00489768 /* AppDelegate.swift in Sources */ = {isa = PBXBuildFile; fileRef = E40DEF442B88BB1E00489768 /* AppDelegate.swift */; };
		E40DEF472B88BB1E00489768 /* SceneDelegate.swift in Sources */ = {isa = PBXBuildFile; fileRef = E40DEF462B88BB1E00489768 /* SceneDelegate.swift */; };
		E40DEF4E2B88BB1F00489768 /* Assets.xcassets in Resources */ = {isa = PBXBuildFile; fileRef = E40DEF4D2B88BB1F00489768 /* Assets.xcassets */; };
		E40DEF512B88BB1F00489768 /* LaunchScreen.storyboard in Resources */ = {isa = PBXBuildFile; fileRef = E40DEF4F2B88BB1F00489768 /* LaunchScreen.storyboard */; };
		E46A3FA92B88D94C00576B40 /* FeedViewController.swift in Sources */ = {isa = PBXBuildFile; fileRef = E46A3FA82B88D94C00576B40 /* FeedViewController.swift */; };
		E46A3FAC2B88D98200576B40 /* SnapKit in Frameworks */ = {isa = PBXBuildFile; productRef = E46A3FAB2B88D98200576B40 /* SnapKit */; };
		E46A3FAE2B88D98200576B40 /* SnapKit-Dynamic in Frameworks */ = {isa = PBXBuildFile; productRef = E46A3FAD2B88D98200576B40 /* SnapKit-Dynamic */; };
		E46A3FB12B88E36000576B40 /* LogoView.swift in Sources */ = {isa = PBXBuildFile; fileRef = E46A3FB02B88E36000576B40 /* LogoView.swift */; };
/* End PBXBuildFile section */

/* Begin PBXFileReference section */
		E40DEF412B88BB1E00489768 /* FoodOrderingOnboarding.app */ = {isa = PBXFileReference; explicitFileType = wrapper.application; includeInIndex = 0; path = FoodOrderingOnboarding.app; sourceTree = BUILT_PRODUCTS_DIR; };
		E40DEF442B88BB1E00489768 /* AppDelegate.swift */ = {isa = PBXFileReference; lastKnownFileType = sourcecode.swift; path = AppDelegate.swift; sourceTree = "<group>"; };
		E40DEF462B88BB1E00489768 /* SceneDelegate.swift */ = {isa = PBXFileReference; lastKnownFileType = sourcecode.swift; path = SceneDelegate.swift; sourceTree = "<group>"; };
		E40DEF4D2B88BB1F00489768 /* Assets.xcassets */ = {isa = PBXFileReference; lastKnownFileType = folder.assetcatalog; path = Assets.xcassets; sourceTree = "<group>"; };
		E40DEF502B88BB1F00489768 /* Base */ = {isa = PBXFileReference; lastKnownFileType = file.storyboard; name = Base; path = Base.lproj/LaunchScreen.storyboard; sourceTree = "<group>"; };
		E40DEF522B88BB1F00489768 /* Info.plist */ = {isa = PBXFileReference; lastKnownFileType = text.plist.xml; path = Info.plist; sourceTree = "<group>"; };
		E46A3FA82B88D94C00576B40 /* FeedViewController.swift */ = {isa = PBXFileReference; lastKnownFileType = sourcecode.swift; path = FeedViewController.swift; sourceTree = "<group>"; };
		E46A3FB02B88E36000576B40 /* LogoView.swift */ = {isa = PBXFileReference; lastKnownFileType = sourcecode.swift; path = LogoView.swift; sourceTree = "<group>"; };
/* End PBXFileReference section */

/* Begin PBXFrameworksBuildPhase section */
		E40DEF3E2B88BB1E00489768 /* Frameworks */ = {
			isa = PBXFrameworksBuildPhase;
			buildActionMask = 2147483647;
			files = (
				E46A3FAC2B88D98200576B40 /* SnapKit in Frameworks */,
				E46A3FAE2B88D98200576B40 /* SnapKit-Dynamic in Frameworks */,
			);
			runOnlyForDeploymentPostprocessing = 0;
		};
/* End PBXFrameworksBuildPhase section */

/* Begin PBXGroup section */
		E40DEF382B88BB1E00489768 = {
			isa = PBXGroup;
			children = (
				E40DEF432B88BB1E00489768 /* FoodOrderingOnboarding */,
				E40DEF422B88BB1E00489768 /* Products */,
			);
			sourceTree = "<group>";
		};
		E40DEF422B88BB1E00489768 /* Products */ = {
			isa = PBXGroup;
			children = (
				E40DEF412B88BB1E00489768 /* FoodOrderingOnboarding.app */,
			);
			name = Products;
			sourceTree = "<group>";
		};
		E40DEF432B88BB1E00489768 /* FoodOrderingOnboarding */ = {
			isa = PBXGroup;
			children = (
				E46A3FAF2B88E34F00576B40 /* Views */,
				E46A3FA72B88D93600576B40 /* Feed */,
				E46A3FA62B88D87200576B40 /* Resources */,
				E46A3FA52B88D84000576B40 /* Application */,
			);
			path = FoodOrderingOnboarding;
			sourceTree = "<group>";
		};
		E46A3FA52B88D84000576B40 /* Application */ = {
			isa = PBXGroup;
			children = (
				E40DEF442B88BB1E00489768 /* AppDelegate.swift */,
				E40DEF462B88BB1E00489768 /* SceneDelegate.swift */,
			);
			path = Application;
			sourceTree = "<group>";
		};
		E46A3FA62B88D87200576B40 /* Resources */ = {
			isa = PBXGroup;
			children = (
				E40DEF4D2B88BB1F00489768 /* Assets.xcassets */,
				E40DEF4F2B88BB1F00489768 /* LaunchScreen.storyboard */,
				E40DEF522B88BB1F00489768 /* Info.plist */,
			);
			path = Resources;
			sourceTree = "<group>";
		};
		E46A3FA72B88D93600576B40 /* Feed */ = {
			isa = PBXGroup;
			children = (
				E46A3FA82B88D94C00576B40 /* FeedViewController.swift */,
			);
			path = Feed;
			sourceTree = "<group>";
		};
		E46A3FAF2B88E34F00576B40 /* Views */ = {
			isa = PBXGroup;
			children = (
				E46A3FB02B88E36000576B40 /* LogoView.swift */,
			);
			path = Views;
			sourceTree = "<group>";
		};
/* End PBXGroup section */

/* Begin PBXNativeTarget section */
		E40DEF402B88BB1E00489768 /* FoodOrderingOnboarding */ = {
			isa = PBXNativeTarget;
			buildConfigurationList = E40DEF552B88BB1F00489768 /* Build configuration list for PBXNativeTarget "FoodOrderingOnboarding" */;
			buildPhases = (
				E40DEF3D2B88BB1E00489768 /* Sources */,
				E40DEF3E2B88BB1E00489768 /* Frameworks */,
				E40DEF3F2B88BB1E00489768 /* Resources */,
			);
			buildRules = (
			);
			dependencies = (
			);
			name = FoodOrderingOnboarding;
			packageProductDependencies = (
				E46A3FAB2B88D98200576B40 /* SnapKit */,
				E46A3FAD2B88D98200576B40 /* SnapKit-Dynamic */,
			);
			productName = FoodOrderingOnboarding;
			productReference = E40DEF412B88BB1E00489768 /* FoodOrderingOnboarding.app */;
			productType = "com.apple.product-type.application";
		};
/* End PBXNativeTarget section */

/* Begin PBXProject section */
		E40DEF392B88BB1E00489768 /* Project object */ = {
			isa = PBXProject;
			attributes = {
				BuildIndependentTargetsInParallel = 1;
				LastSwiftUpdateCheck = 1520;
				LastUpgradeCheck = 1520;
				TargetAttributes = {
					E40DEF402B88BB1E00489768 = {
						CreatedOnToolsVersion = 15.2;
					};
				};
			};
			buildConfigurationList = E40DEF3C2B88BB1E00489768 /* Build configuration list for PBXProject "FoodOrderingOnboarding" */;
			compatibilityVersion = "Xcode 14.0";
			developmentRegion = en;
			hasScannedForEncodings = 0;
			knownRegions = (
				en,
				Base,
			);
			mainGroup = E40DEF382B88BB1E00489768;
			packageReferences = (
				E46A3FAA2B88D98200576B40 /* XCRemoteSwiftPackageReference "SnapKit" */,
			);
			productRefGroup = E40DEF422B88BB1E00489768 /* Products */;
			projectDirPath = "";
			projectRoot = "";
			targets = (
				E40DEF402B88BB1E00489768 /* FoodOrderingOnboarding */,
			);
		};
/* End PBXProject section */

/* Begin PBXResourcesBuildPhase section */
		E40DEF3F2B88BB1E00489768 /* Resources */ = {
			isa = PBXResourcesBuildPhase;
			buildActionMask = 2147483647;
			files = (
				E40DEF512B88BB1F00489768 /* LaunchScreen.storyboard in Resources */,
				E40DEF4E2B88BB1F00489768 /* Assets.xcassets in Resources */,
			);
			runOnlyForDeploymentPostprocessing = 0;
		};
/* End PBXResourcesBuildPhase section */

/* Begin PBXSourcesBuildPhase section */
		E40DEF3D2B88BB1E00489768 /* Sources */ = {
			isa = PBXSourcesBuildPhase;
			buildActionMask = 2147483647;
			files = (
				E40DEF452B88BB1E00489768 /* AppDelegate.swift in Sources */,
				E46A3FB12B88E36000576B40 /* LogoView.swift in Sources */,
				E46A3FA92B88D94C00576B40 /* FeedViewController.swift in Sources */,
				E40DEF472B88BB1E00489768 /* SceneDelegate.swift in Sources */,
			);
			runOnlyForDeploymentPostprocessing = 0;
		};
/* End PBXSourcesBuildPhase section */

/* Begin PBXVariantGroup section */
		E40DEF4F2B88BB1F00489768 /* LaunchScreen.storyboard */ = {
			isa = PBXVariantGroup;
			children = (
				E40DEF502B88BB1F00489768 /* Base */,
			);
			name = LaunchScreen.storyboard;
			sourceTree = "<group>";
		};
/* End PBXVariantGroup section */

/* Begin XCBuildConfiguration section */
		E40DEF532B88BB1F00489768 /* Debug */ = {
			isa = XCBuildConfiguration;
			buildSettings = {
				ALWAYS_SEARCH_USER_PATHS = NO;
				ASSETCATALOG_COMPILER_GENERATE_SWIFT_ASSET_SYMBOL_EXTENSIONS = YES;
				CLANG_ANALYZER_NONNULL = YES;
				CLANG_ANALYZER_NUMBER_OBJECT_CONVERSION = YES_AGGRESSIVE;
				CLANG_CXX_LANGUAGE_STANDARD = "gnu++20";
				CLANG_ENABLE_MODULES = YES;
				CLANG_ENABLE_OBJC_ARC = YES;
				CLANG_ENABLE_OBJC_WEAK = YES;
				CLANG_WARN_BLOCK_CAPTURE_AUTORELEASING = YES;
				CLANG_WARN_BOOL_CONVERSION = YES;
				CLANG_WARN_COMMA = YES;
				CLANG_WARN_CONSTANT_CONVERSION = YES;
				CLANG_WARN_DEPRECATED_OBJC_IMPLEMENTATIONS = YES;
				CLANG_WARN_DIRECT_OBJC_ISA_USAGE = YES_ERROR;
				CLANG_WARN_DOCUMENTATION_COMMENTS = YES;
				CLANG_WARN_EMPTY_BODY = YES;
				CLANG_WARN_ENUM_CONVERSION = YES;
				CLANG_WARN_INFINITE_RECURSION = YES;
				CLANG_WARN_INT_CONVERSION = YES;
				CLANG_WARN_NON_LITERAL_NULL_CONVERSION = YES;
				CLANG_WARN_OBJC_IMPLICIT_RETAIN_SELF = YES;
				CLANG_WARN_OBJC_LITERAL_CONVERSION = YES;
				CLANG_WARN_OBJC_ROOT_CLASS = YES_ERROR;
				CLANG_WARN_QUOTED_INCLUDE_IN_FRAMEWORK_HEADER = YES;
				CLANG_WARN_RANGE_LOOP_ANALYSIS = YES;
				CLANG_WARN_STRICT_PROTOTYPES = YES;
				CLANG_WARN_SUSPICIOUS_MOVE = YES;
				CLANG_WARN_UNGUARDED_AVAILABILITY = YES_AGGRESSIVE;
				CLANG_WARN_UNREACHABLE_CODE = YES;
				CLANG_WARN__DUPLICATE_METHOD_MATCH = YES;
				COPY_PHASE_STRIP = NO;
				DEBUG_INFORMATION_FORMAT = dwarf;
				ENABLE_STRICT_OBJC_MSGSEND = YES;
				ENABLE_TESTABILITY = YES;
				ENABLE_USER_SCRIPT_SANDBOXING = YES;
				GCC_C_LANGUAGE_STANDARD = gnu17;
				GCC_DYNAMIC_NO_PIC = NO;
				GCC_NO_COMMON_BLOCKS = YES;
				GCC_OPTIMIZATION_LEVEL = 0;
				GCC_PREPROCESSOR_DEFINITIONS = (
					"DEBUG=1",
					"$(inherited)",
				);
				GCC_WARN_64_TO_32_BIT_CONVERSION = YES;
				GCC_WARN_ABOUT_RETURN_TYPE = YES_ERROR;
				GCC_WARN_UNDECLARED_SELECTOR = YES;
				GCC_WARN_UNINITIALIZED_AUTOS = YES_AGGRESSIVE;
				GCC_WARN_UNUSED_FUNCTION = YES;
				GCC_WARN_UNUSED_VARIABLE = YES;
				IPHONEOS_DEPLOYMENT_TARGET = 15.0;
				LOCALIZATION_PREFERS_STRING_CATALOGS = YES;
				MTL_ENABLE_DEBUG_INFO = INCLUDE_SOURCE;
				MTL_FAST_MATH = YES;
				ONLY_ACTIVE_ARCH = YES;
				SDKROOT = iphoneos;
				SWIFT_ACTIVE_COMPILATION_CONDITIONS = "DEBUG $(inherited)";
				SWIFT_OPTIMIZATION_LEVEL = "-Onone";
			};
			name = Debug;
		};
		E40DEF542B88BB1F00489768 /* Release */ = {
			isa = XCBuildConfiguration;
			buildSettings = {
				ALWAYS_SEARCH_USER_PATHS = NO;
				ASSETCATALOG_COMPILER_GENERATE_SWIFT_ASSET_SYMBOL_EXTENSIONS = YES;
				CLANG_ANALYZER_NONNULL = YES;
				CLANG_ANALYZER_NUMBER_OBJECT_CONVERSION = YES_AGGRESSIVE;
				CLANG_CXX_LANGUAGE_STANDARD = "gnu++20";
				CLANG_ENABLE_MODULES = YES;
				CLANG_ENABLE_OBJC_ARC = YES;
				CLANG_ENABLE_OBJC_WEAK = YES;
				CLANG_WARN_BLOCK_CAPTURE_AUTORELEASING = YES;
				CLANG_WARN_BOOL_CONVERSION = YES;
				CLANG_WARN_COMMA = YES;
				CLANG_WARN_CONSTANT_CONVERSION = YES;
				CLANG_WARN_DEPRECATED_OBJC_IMPLEMENTATIONS = YES;
				CLANG_WARN_DIRECT_OBJC_ISA_USAGE = YES_ERROR;
				CLANG_WARN_DOCUMENTATION_COMMENTS = YES;
				CLANG_WARN_EMPTY_BODY = YES;
				CLANG_WARN_ENUM_CONVERSION = YES;
				CLANG_WARN_INFINITE_RECURSION = YES;
				CLANG_WARN_INT_CONVERSION = YES;
				CLANG_WARN_NON_LITERAL_NULL_CONVERSION = YES;
				CLANG_WARN_OBJC_IMPLICIT_RETAIN_SELF = YES;
				CLANG_WARN_OBJC_LITERAL_CONVERSION = YES;
				CLANG_WARN_OBJC_ROOT_CLASS = YES_ERROR;
				CLANG_WARN_QUOTED_INCLUDE_IN_FRAMEWORK_HEADER = YES;
				CLANG_WARN_RANGE_LOOP_ANALYSIS = YES;
				CLANG_WARN_STRICT_PROTOTYPES = YES;
				CLANG_WARN_SUSPICIOUS_MOVE = YES;
				CLANG_WARN_UNGUARDED_AVAILABILITY = YES_AGGRESSIVE;
				CLANG_WARN_UNREACHABLE_CODE = YES;
				CLANG_WARN__DUPLICATE_METHOD_MATCH = YES;
				COPY_PHASE_STRIP = NO;
				DEBUG_INFORMATION_FORMAT = "dwarf-with-dsym";
				ENABLE_NS_ASSERTIONS = NO;
				ENABLE_STRICT_OBJC_MSGSEND = YES;
				ENABLE_USER_SCRIPT_SANDBOXING = YES;
				GCC_C_LANGUAGE_STANDARD = gnu17;
				GCC_NO_COMMON_BLOCKS = YES;
				GCC_WARN_64_TO_32_BIT_CONVERSION = YES;
				GCC_WARN_ABOUT_RETURN_TYPE = YES_ERROR;
				GCC_WARN_UNDECLARED_SELECTOR = YES;
				GCC_WARN_UNINITIALIZED_AUTOS = YES_AGGRESSIVE;
				GCC_WARN_UNUSED_FUNCTION = YES;
				GCC_WARN_UNUSED_VARIABLE = YES;
				IPHONEOS_DEPLOYMENT_TARGET = 15.0;
				LOCALIZATION_PREFERS_STRING_CATALOGS = YES;
				MTL_ENABLE_DEBUG_INFO = NO;
				MTL_FAST_MATH = YES;
				SDKROOT = iphoneos;
				SWIFT_COMPILATION_MODE = wholemodule;
				VALIDATE_PRODUCT = YES;
			};
			name = Release;
		};
		E40DEF562B88BB1F00489768 /* Debug */ = {
			isa = XCBuildConfiguration;
			buildSettings = {
				ASSETCATALOG_COMPILER_APPICON_NAME = AppIcon;
				ASSETCATALOG_COMPILER_GLOBAL_ACCENT_COLOR_NAME = AccentColor;
				CODE_SIGN_STYLE = Automatic;
				CURRENT_PROJECT_VERSION = 1;
				DEVELOPMENT_TEAM = 748RM22H5Z;
				GENERATE_INFOPLIST_FILE = YES;
				INFOPLIST_FILE = FoodOrderingOnboarding/Resources/Info.plist;
				INFOPLIST_KEY_UIApplicationSupportsIndirectInputEvents = YES;
				INFOPLIST_KEY_UILaunchStoryboardName = LaunchScreen;
				INFOPLIST_KEY_UIMainStoryboardFile = "";
				INFOPLIST_KEY_UISupportedInterfaceOrientations_iPad = "UIInterfaceOrientationPortrait UIInterfaceOrientationPortraitUpsideDown UIInterfaceOrientationLandscapeLeft UIInterfaceOrientationLandscapeRight";
				INFOPLIST_KEY_UISupportedInterfaceOrientations_iPhone = "UIInterfaceOrientationPortrait UIInterfaceOrientationLandscapeLeft UIInterfaceOrientationLandscapeRight";
				LD_RUNPATH_SEARCH_PATHS = (
					"$(inherited)",
					"@executable_path/Frameworks",
				);
				MARKETING_VERSION = 1.0;
				PRODUCT_BUNDLE_IDENTIFIER = EliId.FoodOrderingOnboarding;
				PRODUCT_NAME = "$(TARGET_NAME)";
				SWIFT_EMIT_LOC_STRINGS = YES;
				SWIFT_VERSION = 5.0;
				TARGETED_DEVICE_FAMILY = "1,2";
			};
			name = Debug;
		};
		E40DEF572B88BB1F00489768 /* Release */ = {
			isa = XCBuildConfiguration;
			buildSettings = {
				ASSETCATALOG_COMPILER_APPICON_NAME = AppIcon;
				ASSETCATALOG_COMPILER_GLOBAL_ACCENT_COLOR_NAME = AccentColor;
				CODE_SIGN_STYLE = Automatic;
				CURRENT_PROJECT_VERSION = 1;
				DEVELOPMENT_TEAM = 748RM22H5Z;
				GENERATE_INFOPLIST_FILE = YES;
				INFOPLIST_FILE = FoodOrderingOnboarding/Resources/Info.plist;
				INFOPLIST_KEY_UIApplicationSupportsIndirectInputEvents = YES;
				INFOPLIST_KEY_UILaunchStoryboardName = LaunchScreen;
				INFOPLIST_KEY_UIMainStoryboardFile = "";
				INFOPLIST_KEY_UISupportedInterfaceOrientations_iPad = "UIInterfaceOrientationPortrait UIInterfaceOrientationPortraitUpsideDown UIInterfaceOrientationLandscapeLeft UIInterfaceOrientationLandscapeRight";
				INFOPLIST_KEY_UISupportedInterfaceOrientations_iPhone = "UIInterfaceOrientationPortrait UIInterfaceOrientationLandscapeLeft UIInterfaceOrientationLandscapeRight";
				LD_RUNPATH_SEARCH_PATHS = (
					"$(inherited)",
					"@executable_path/Frameworks",
				);
				MARKETING_VERSION = 1.0;
				PRODUCT_BUNDLE_IDENTIFIER = EliId.FoodOrderingOnboarding;
				PRODUCT_NAME = "$(TARGET_NAME)";
				SWIFT_EMIT_LOC_STRINGS = YES;
				SWIFT_VERSION = 5.0;
				TARGETED_DEVICE_FAMILY = "1,2";
			};
			name = Release;
		};
/* End XCBuildConfiguration section */

/* Begin XCConfigurationList section */
		E40DEF3C2B88BB1E00489768 /* Build configuration list for PBXProject "FoodOrderingOnboarding" */ = {
			isa = XCConfigurationList;
			buildConfigurations = (
				E40DEF532B88BB1F00489768 /* Debug */,
				E40DEF542B88BB1F00489768 /* Release */,
			);
			defaultConfigurationIsVisible = 0;
			defaultConfigurationName = Release;
		};
		E40DEF552B88BB1F00489768 /* Build configuration list for PBXNativeTarget "FoodOrderingOnboarding" */ = {
			isa = XCConfigurationList;
			buildConfigurations = (
				E40DEF562B88BB1F00489768 /* Debug */,
				E40DEF572B88BB1F00489768 /* Release */,
			);
			defaultConfigurationIsVisible = 0;
			defaultConfigurationName = Release;
		};
/* End XCConfigurationList section */

/* Begin XCRemoteSwiftPackageReference section */
		E46A3FAA2B88D98200576B40 /* XCRemoteSwiftPackageReference "SnapKit" */ = {
			isa = XCRemoteSwiftPackageReference;
			repositoryURL = "https://github.com/SnapKit/SnapKit";
			requirement = {
				kind = upToNextMajorVersion;
				minimumVersion = 5.7.1;
			};
		};
/* End XCRemoteSwiftPackageReference section */

/* Begin XCSwiftPackageProductDependency section */
		E46A3FAB2B88D98200576B40 /* SnapKit */ = {
			isa = XCSwiftPackageProductDependency;
			package = E46A3FAA2B88D98200576B40 /* XCRemoteSwiftPackageReference "SnapKit" */;
			productName = SnapKit;
		};
		E46A3FAD2B88D98200576B40 /* SnapKit-Dynamic */ = {
			isa = XCSwiftPackageProductDependency;
			package = E46A3FAA2B88D98200576B40 /* XCRemoteSwiftPackageReference "SnapKit" */;
			productName = "SnapKit-Dynamic";
		};
/* End XCSwiftPackageProductDependency section */
	};
	rootObject = E40DEF392B88BB1E00489768 /* Project object */;
}
